<?xml version="1.0" encoding="utf-8"?>
<Project ToolsVersion="4.0" xmlns="http://schemas.microsoft.com/developer/msbuild/2003">
  <ItemGroup>
    <ClCompile Include="Debug\moc_overlaycontroller.cpp">
      <Filter>Generated Files</Filter>
    </ClCompile>
    <ClCompile Include="Release\moc_overlaycontroller.cpp">
      <Filter>Generated Files</Filter>
    </ClCompile>
    <ClCompile Include="Release\moc_DeviceManipulationTabController.cpp">
      <Filter>Generated Files</Filter>
    </ClCompile>
    <ClCompile Include="src\tabcontrollers\DeviceManipulationTabController.cpp">
      <Filter>src\tabcontrollers</Filter>
    </ClCompile>
    <ClCompile Include="src\main.cpp">
      <Filter>src</Filter>
    </ClCompile>
    <ClCompile Include="src\overlaycontroller.cpp">
      <Filter>src</Filter>
    </ClCompile>
  </ItemGroup>
  <ItemGroup>
    <CustomBuild Include="src\tabcontrollers\DeviceManipulationTabController.h">
      <Filter>src\tabcontrollers</Filter>
    </CustomBuild>
    <CustomBuild Include="src\overlaycontroller.h">
      <Filter>src</Filter>
    </CustomBuild>
  </ItemGroup>
  <ItemGroup>
    <Filter Include="qml">
      <UniqueIdentifier>{d8fc3262-60bb-40c5-83f1-763902517469}</UniqueIdentifier>
    </Filter>
    <Filter Include="Generated Files">
      <UniqueIdentifier>{71ED8ED8-ACB9-4CE9-BBE1-E00B30144E11}</UniqueIdentifier>
      <Extensions>moc;h;cpp</Extensions>
      <ParseFiles>true</ParseFiles>
    </Filter>
    <Filter Include="src">
      <UniqueIdentifier>{4FC737F1-C7A5-4376-A066-2A32D752A2FF}</UniqueIdentifier>
      <Extensions>cpp;c;cc;cxx;def;odl;idl;hpj;bat;asm;asmx</Extensions>
      <ParseFiles>true</ParseFiles>
    </Filter>
    <Filter Include="src\tabcontrollers">
      <UniqueIdentifier>{66df1593-7e1b-4abf-96e9-9a5f4e1cd7ef}</UniqueIdentifier>
    </Filter>
  </ItemGroup>
  <ItemGroup>
    <None Include="bin\win64\res\qml\DeviceManipulationPage.qml">
      <Filter>qml</Filter>
    </None>
    <None Include="bin\win64\res\qml\mainwidget.qml">
      <Filter>qml</Filter>
    </None>
    <None Include="bin\win64\res\qml\MyComboBox.qml">
      <Filter>qml</Filter>
    </None>
    <None Include="bin\win64\res\qml\MyDialogOkCancelPopup.qml">
      <Filter>qml</Filter>
    </None>
    <None Include="bin\win64\res\qml\MyDialogOkPopup.qml">
      <Filter>qml</Filter>
    </None>
    <None Include="bin\win64\res\qml\MyOffsetGroupBox.qml">
      <Filter>qml</Filter>
    </None>
    <None Include="bin\win64\res\qml\MyPushButton.qml">
      <Filter>qml</Filter>
    </None>
    <None Include="bin\win64\res\qml\MyPushButton2.qml">
      <Filter>qml</Filter>
    </None>
    <None Include="bin\win64\res\qml\MyRangeSlider.qml">
      <Filter>qml</Filter>
    </None>
    <None Include="bin\win64\res\qml\MyResources.qml">
      <Filter>qml</Filter>
    </None>
    <None Include="bin\win64\res\qml\MySlider.qml">
      <Filter>qml</Filter>
    </None>
    <None Include="bin\win64\res\qml\MyStackViewPage.qml">
      <Filter>qml</Filter>
    </None>
    <None Include="bin\win64\res\qml\MyText.qml">
      <Filter>qml</Filter>
    </None>
    <None Include="bin\win64\res\qml\MyTextField.qml">
      <Filter>qml</Filter>
    </None>
    <None Include="bin\win64\res\qml\MyToggleButton.qml">
      <Filter>qml</Filter>
    </None>
  </ItemGroup>
  <ItemGroup>
    <ClInclude Include="src\logging.h">
      <Filter>src</Filter>
    </ClInclude>
  </ItemGroup>
</Project>